{
  "name": "cadastrador-de-cpf",
  "version": "1.0.0",
  "lockfileVersion": 2,
  "requires": true,
  "packages": {
    "": {
      "name": "cadastrador-de-cpf",
      "version": "1.0.0",
      "license": "ISC",
      "dependencies": {
        "validador-de-cpf": "^1.0.2"
      }
    },
    "node_modules/validador-de-cpf": {
      "version": "1.0.2",
      "resolved": "https://registry.npmjs.org/validador-de-cpf/-/validador-de-cpf-1.0.2.tgz",
      "integrity": "sha512-m9tpiOfeDpiODLu9296AvaRouBQ5RalS1hyzvdiRg7pXw7jujWFqxbiL5WnTB8oBItfW1640q0JbfZIxfnn8kQ=="
    }
  },
  "dependencies": {
    "validador-de-cpf": {
      "version": "1.0.2",
      "resolved": "https://registry.npmjs.org/validador-de-cpf/-/validador-de-cpf-1.0.2.tgz",
      "integrity": "sha512-m9tpiOfeDpiODLu9296AvaRouBQ5RalS1hyzvdiRg7pXw7jujWFqxbiL5WnTB8oBItfW1640q0JbfZIxfnn8kQ=="
    }
  }
}
